
Microsoft Visual Studio Solution File, Format Version 12.00
# Visual Studio Version 17
VisualStudioVersion = 17.1.32421.90
MinimumVisualStudioVersion = 10.0.40219.1
Project("{9A19103F-16F7-4668-BE54-9A1E7A4F7556}") = "FKCPObj", "FKCPObj\FKCPObj.csproj", "{AEFF76F1-3565-4130-B6FA-14DB491952E2}"
EndProject
Project("{9A19103F-16F7-4668-BE54-9A1E7A4F7556}") = "Inventar", "Inventar\Inventar.csproj", "{1CCECBEE-36BD-413A-8238-6F8101614C6F}"
EndProject
Project("{9A19103F-16F7-4668-BE54-9A1E7A4F7556}") = "TelegramPolling", "TelegramBotPolling\TelegramPolling.csproj", "{217F51C7-1460-430B-B1F3-6CC55C8AE1BE}"
EndProject
Project("{FAE04EC0-301F-11D3-BF4B-00C04F79EFBC}") = "Configurator", "Configurator\Configurator.csproj", "{D05A7A74-2FF2-42DF-9E98-04AC99D13B03}"
EndProject
Global
	GlobalSection(SolutionConfigurationPlatforms) = preSolution
		Debug|Any CPU = Debug|Any CPU
		Release|Any CPU = Release|Any CPU
	EndGlobalSection
	GlobalSection(ProjectConfigurationPlatforms) = postSolution
		{AEFF76F1-3565-4130-B6FA-14DB491952E2}.Debug|Any CPU.ActiveCfg = Debug|Any CPU
		{AEFF76F1-3565-4130-B6FA-14DB491952E2}.Debug|Any CPU.Build.0 = Debug|Any CPU
		{AEFF76F1-3565-4130-B6FA-14DB491952E2}.Release|Any CPU.ActiveCfg = Release|Any CPU
		{AEFF76F1-3565-4130-B6FA-14DB491952E2}.Release|Any CPU.Build.0 = Release|Any CPU
		{1CCECBEE-36BD-413A-8238-6F8101614C6F}.Debug|Any CPU.ActiveCfg = Debug|Any CPU
		{1CCECBEE-36BD-413A-8238-6F8101614C6F}.Debug|Any CPU.Build.0 = Debug|Any CPU
		{1CCECBEE-36BD-413A-8238-6F8101614C6F}.Release|Any CPU.ActiveCfg = Release|Any CPU
		{1CCECBEE-36BD-413A-8238-6F8101614C6F}.Release|Any CPU.Build.0 = Release|Any CPU
		{217F51C7-1460-430B-B1F3-6CC55C8AE1BE}.Debug|Any CPU.ActiveCfg = Debug|Any CPU
		{217F51C7-1460-430B-B1F3-6CC55C8AE1BE}.Debug|Any CPU.Build.0 = Debug|Any CPU
		{217F51C7-1460-430B-B1F3-6CC55C8AE1BE}.Release|Any CPU.ActiveCfg = Release|Any CPU
		{217F51C7-1460-430B-B1F3-6CC55C8AE1BE}.Release|Any CPU.Build.0 = Release|Any CPU
		{D05A7A74-2FF2-42DF-9E98-04AC99D13B03}.Debug|Any CPU.ActiveCfg = Debug|Any CPU
		{D05A7A74-2FF2-42DF-9E98-04AC99D13B03}.Debug|Any CPU.Build.0 = Debug|Any CPU
		{D05A7A74-2FF2-42DF-9E98-04AC99D13B03}.Release|Any CPU.ActiveCfg = Release|Any CPU
		{D05A7A74-2FF2-42DF-9E98-04AC99D13B03}.Release|Any CPU.Build.0 = Release|Any CPU
	EndGlobalSection
	GlobalSection(SolutionProperties) = preSolution
		HideSolutionNode = FALSE
	EndGlobalSection
	GlobalSection(ExtensibilityGlobals) = postSolution
		SolutionGuid = {E37760A6-C1E0-4DB3-A6C0-ACA274BCA472}
	EndGlobalSection
EndGlobal
